
Microsoft Visual Studio Solution File, Format Version 12.00
# Visual Studio Version 16
VisualStudioVersion = 16.0.30907.101
MinimumVisualStudioVersion = 10.0.40219.1
Project("{9A19103F-16F7-4668-BE54-9A1E7A4F7556}") = "Entities", "Entities\Entities.csproj", "{7CF8D167-1D83-4E27-9212-7C51213809A6}"
EndProject
Project("{9A19103F-16F7-4668-BE54-9A1E7A4F7556}") = "DataAccess", "DataAccess\DataAccess.csproj", "{FAB4B873-0B5E-4ED8-AD78-459321BAA841}"
EndProject
Project("{9A19103F-16F7-4668-BE54-9A1E7A4F7556}") = "Business", "Business\Business.csproj", "{374BF828-2C53-439B-95E7-07CA377B45DA}"
EndProject
Project("{9A19103F-16F7-4668-BE54-9A1E7A4F7556}") = "Core", "Core\Core.csproj", "{17C2596A-C7BD-4CFD-AC1A-E352225F6441}"
EndProject
Project("{FAE04EC0-301F-11D3-BF4B-00C04F79EFBC}") = "ConsoleUI", "ConsoleApp1\ConsoleUI.csproj", "{80FD47A2-4EF2-47BD-BE30-EE5B95367278}"
EndProject
Global
	GlobalSection(SolutionConfigurationPlatforms) = preSolution
		Debug|Any CPU = Debug|Any CPU
		Release|Any CPU = Release|Any CPU
	EndGlobalSection
	GlobalSection(ProjectConfigurationPlatforms) = postSolution
		{7CF8D167-1D83-4E27-9212-7C51213809A6}.Debug|Any CPU.ActiveCfg = Debug|Any CPU
		{7CF8D167-1D83-4E27-9212-7C51213809A6}.Debug|Any CPU.Build.0 = Debug|Any CPU
		{7CF8D167-1D83-4E27-9212-7C51213809A6}.Release|Any CPU.ActiveCfg = Release|Any CPU
		{7CF8D167-1D83-4E27-9212-7C51213809A6}.Release|Any CPU.Build.0 = Release|Any CPU
		{FAB4B873-0B5E-4ED8-AD78-459321BAA841}.Debug|Any CPU.ActiveCfg = Debug|Any CPU
		{FAB4B873-0B5E-4ED8-AD78-459321BAA841}.Debug|Any CPU.Build.0 = Debug|Any CPU
		{FAB4B873-0B5E-4ED8-AD78-459321BAA841}.Release|Any CPU.ActiveCfg = Release|Any CPU
		{FAB4B873-0B5E-4ED8-AD78-459321BAA841}.Release|Any CPU.Build.0 = Release|Any CPU
		{374BF828-2C53-439B-95E7-07CA377B45DA}.Debug|Any CPU.ActiveCfg = Debug|Any CPU
		{374BF828-2C53-439B-95E7-07CA377B45DA}.Debug|Any CPU.Build.0 = Debug|Any CPU
		{374BF828-2C53-439B-95E7-07CA377B45DA}.Release|Any CPU.ActiveCfg = Release|Any CPU
		{374BF828-2C53-439B-95E7-07CA377B45DA}.Release|Any CPU.Build.0 = Release|Any CPU
		{17C2596A-C7BD-4CFD-AC1A-E352225F6441}.Debug|Any CPU.ActiveCfg = Debug|Any CPU
		{17C2596A-C7BD-4CFD-AC1A-E352225F6441}.Debug|Any CPU.Build.0 = Debug|Any CPU
		{17C2596A-C7BD-4CFD-AC1A-E352225F6441}.Release|Any CPU.ActiveCfg = Release|Any CPU
		{17C2596A-C7BD-4CFD-AC1A-E352225F6441}.Release|Any CPU.Build.0 = Release|Any CPU
		{80FD47A2-4EF2-47BD-BE30-EE5B95367278}.Debug|Any CPU.ActiveCfg = Debug|Any CPU
		{80FD47A2-4EF2-47BD-BE30-EE5B95367278}.Debug|Any CPU.Build.0 = Debug|Any CPU
		{80FD47A2-4EF2-47BD-BE30-EE5B95367278}.Release|Any CPU.ActiveCfg = Release|Any CPU
		{80FD47A2-4EF2-47BD-BE30-EE5B95367278}.Release|Any CPU.Build.0 = Release|Any CPU
	EndGlobalSection
	GlobalSection(SolutionProperties) = preSolution
		HideSolutionNode = FALSE
	EndGlobalSection
	GlobalSection(ExtensibilityGlobals) = postSolution
		SolutionGuid = {6403C15B-A496-4E30-9FA7-3E50224A19B9}
	EndGlobalSection
EndGlobal
